
Microsoft Visual Studio Solution File, Format Version 12.00
# Visual Studio 15
VisualStudioVersion = 15.0.26124.0
MinimumVisualStudioVersion = 15.0.26124.0
Project("{2150E333-8FDC-42A3-9474-1A3956D46DE8}") = "src", "src", "{9B919D64-457D-45E8-BD3E-69D2C2068187}"
EndProject
Project("{FAE04EC0-301F-11D3-BF4B-00C04F79EFBC}") = "TheMessWereMakingOutOfOOP.01.SuperController.Web", "src\TheMessWereMakingOutOfOOP.01.SuperController.Web\TheMessWereMakingOutOfOOP.01.SuperController.Web.csproj", "{9FA6A0FB-9626-4EE9-A7EB-8A5CB5F42E45}"
EndProject
Project("{FAE04EC0-301F-11D3-BF4B-00C04F79EFBC}") = "TheMessWereMakingOutOfOOP.02.SuperService.Web", "src\TheMessWereMakingOutOfOOP.02.SuperService.Web\TheMessWereMakingOutOfOOP.02.SuperService.Web.csproj", "{39A1AC21-B2EB-433C-B3A9-F4A3E7D0EAEC}"
EndProject
Project("{FAE04EC0-301F-11D3-BF4B-00C04F79EFBC}") = "TheMessWereMakingOutOfOOP.03.IndividualRequestHandler.Web", "src\TheMessWereMakingOutOfOOP.03.IndividualRequestHandler.Web\TheMessWereMakingOutOfOOP.03.IndividualRequestHandler.Web.csproj", "{D7A122DF-6DF6-4DDA-B16E-59713E219B6E}"
EndProject
Project("{FAE04EC0-301F-11D3-BF4B-00C04F79EFBC}") = "TheMessWereMakingOutOfOOP.04.OOIfying.Web", "src\TheMessWereMakingOutOfOOP.04.OOIfying.Web\TheMessWereMakingOutOfOOP.04.OOIfying.Web.csproj", "{9F158935-C015-41E8-A48C-05F611EB9385}"
EndProject
Project("{FAE04EC0-301F-11D3-BF4B-00C04F79EFBC}") = "TheMessWereMakingOutOfOOP.05.MakeUseTypeSafety.Web", "src\TheMessWereMakingOutOfOOP.05.MakeUseTypeSafety.Web\TheMessWereMakingOutOfOOP.05.MakeUseTypeSafety.Web.csproj", "{EB42FE90-88AE-406B-AB9E-D5C506193338}"
EndProject
Project("{FAE04EC0-301F-11D3-BF4B-00C04F79EFBC}") = "TheMessWereMakingOutOfOOP.06.MinimizingExceptions.Web", "src\TheMessWereMakingOutOfOOP.06.MinimizingExceptions.Web\TheMessWereMakingOutOfOOP.06.MinimizingExceptions.Web.csproj", "{C475F6A3-0C7E-4D94-A62C-E0977CB15B51}"
EndProject
Global
	GlobalSection(SolutionConfigurationPlatforms) = preSolution
		Debug|Any CPU = Debug|Any CPU
		Debug|x64 = Debug|x64
		Debug|x86 = Debug|x86
		Release|Any CPU = Release|Any CPU
		Release|x64 = Release|x64
		Release|x86 = Release|x86
	EndGlobalSection
	GlobalSection(SolutionProperties) = preSolution
		HideSolutionNode = FALSE
	EndGlobalSection
	GlobalSection(ProjectConfigurationPlatforms) = postSolution
		{9FA6A0FB-9626-4EE9-A7EB-8A5CB5F42E45}.Debug|Any CPU.ActiveCfg = Debug|Any CPU
		{9FA6A0FB-9626-4EE9-A7EB-8A5CB5F42E45}.Debug|Any CPU.Build.0 = Debug|Any CPU
		{9FA6A0FB-9626-4EE9-A7EB-8A5CB5F42E45}.Debug|x64.ActiveCfg = Debug|Any CPU
		{9FA6A0FB-9626-4EE9-A7EB-8A5CB5F42E45}.Debug|x64.Build.0 = Debug|Any CPU
		{9FA6A0FB-9626-4EE9-A7EB-8A5CB5F42E45}.Debug|x86.ActiveCfg = Debug|Any CPU
		{9FA6A0FB-9626-4EE9-A7EB-8A5CB5F42E45}.Debug|x86.Build.0 = Debug|Any CPU
		{9FA6A0FB-9626-4EE9-A7EB-8A5CB5F42E45}.Release|Any CPU.ActiveCfg = Release|Any CPU
		{9FA6A0FB-9626-4EE9-A7EB-8A5CB5F42E45}.Release|Any CPU.Build.0 = Release|Any CPU
		{9FA6A0FB-9626-4EE9-A7EB-8A5CB5F42E45}.Release|x64.ActiveCfg = Release|Any CPU
		{9FA6A0FB-9626-4EE9-A7EB-8A5CB5F42E45}.Release|x64.Build.0 = Release|Any CPU
		{9FA6A0FB-9626-4EE9-A7EB-8A5CB5F42E45}.Release|x86.ActiveCfg = Release|Any CPU
		{9FA6A0FB-9626-4EE9-A7EB-8A5CB5F42E45}.Release|x86.Build.0 = Release|Any CPU
		{39A1AC21-B2EB-433C-B3A9-F4A3E7D0EAEC}.Debug|Any CPU.ActiveCfg = Debug|Any CPU
		{39A1AC21-B2EB-433C-B3A9-F4A3E7D0EAEC}.Debug|Any CPU.Build.0 = Debug|Any CPU
		{39A1AC21-B2EB-433C-B3A9-F4A3E7D0EAEC}.Debug|x64.ActiveCfg = Debug|Any CPU
		{39A1AC21-B2EB-433C-B3A9-F4A3E7D0EAEC}.Debug|x64.Build.0 = Debug|Any CPU
		{39A1AC21-B2EB-433C-B3A9-F4A3E7D0EAEC}.Debug|x86.ActiveCfg = Debug|Any CPU
		{39A1AC21-B2EB-433C-B3A9-F4A3E7D0EAEC}.Debug|x86.Build.0 = Debug|Any CPU
		{39A1AC21-B2EB-433C-B3A9-F4A3E7D0EAEC}.Release|Any CPU.ActiveCfg = Release|Any CPU
		{39A1AC21-B2EB-433C-B3A9-F4A3E7D0EAEC}.Release|Any CPU.Build.0 = Release|Any CPU
		{39A1AC21-B2EB-433C-B3A9-F4A3E7D0EAEC}.Release|x64.ActiveCfg = Release|Any CPU
		{39A1AC21-B2EB-433C-B3A9-F4A3E7D0EAEC}.Release|x64.Build.0 = Release|Any CPU
		{39A1AC21-B2EB-433C-B3A9-F4A3E7D0EAEC}.Release|x86.ActiveCfg = Release|Any CPU
		{39A1AC21-B2EB-433C-B3A9-F4A3E7D0EAEC}.Release|x86.Build.0 = Release|Any CPU
		{D7A122DF-6DF6-4DDA-B16E-59713E219B6E}.Debug|Any CPU.ActiveCfg = Debug|Any CPU
		{D7A122DF-6DF6-4DDA-B16E-59713E219B6E}.Debug|Any CPU.Build.0 = Debug|Any CPU
		{D7A122DF-6DF6-4DDA-B16E-59713E219B6E}.Debug|x64.ActiveCfg = Debug|Any CPU
		{D7A122DF-6DF6-4DDA-B16E-59713E219B6E}.Debug|x64.Build.0 = Debug|Any CPU
		{D7A122DF-6DF6-4DDA-B16E-59713E219B6E}.Debug|x86.ActiveCfg = Debug|Any CPU
		{D7A122DF-6DF6-4DDA-B16E-59713E219B6E}.Debug|x86.Build.0 = Debug|Any CPU
		{D7A122DF-6DF6-4DDA-B16E-59713E219B6E}.Release|Any CPU.ActiveCfg = Release|Any CPU
		{D7A122DF-6DF6-4DDA-B16E-59713E219B6E}.Release|Any CPU.Build.0 = Release|Any CPU
		{D7A122DF-6DF6-4DDA-B16E-59713E219B6E}.Release|x64.ActiveCfg = Release|Any CPU
		{D7A122DF-6DF6-4DDA-B16E-59713E219B6E}.Release|x64.Build.0 = Release|Any CPU
		{D7A122DF-6DF6-4DDA-B16E-59713E219B6E}.Release|x86.ActiveCfg = Release|Any CPU
		{D7A122DF-6DF6-4DDA-B16E-59713E219B6E}.Release|x86.Build.0 = Release|Any CPU
		{9F158935-C015-41E8-A48C-05F611EB9385}.Debug|Any CPU.ActiveCfg = Debug|Any CPU
		{9F158935-C015-41E8-A48C-05F611EB9385}.Debug|Any CPU.Build.0 = Debug|Any CPU
		{9F158935-C015-41E8-A48C-05F611EB9385}.Debug|x64.ActiveCfg = Debug|Any CPU
		{9F158935-C015-41E8-A48C-05F611EB9385}.Debug|x64.Build.0 = Debug|Any CPU
		{9F158935-C015-41E8-A48C-05F611EB9385}.Debug|x86.ActiveCfg = Debug|Any CPU
		{9F158935-C015-41E8-A48C-05F611EB9385}.Debug|x86.Build.0 = Debug|Any CPU
		{9F158935-C015-41E8-A48C-05F611EB9385}.Release|Any CPU.ActiveCfg = Release|Any CPU
		{9F158935-C015-41E8-A48C-05F611EB9385}.Release|Any CPU.Build.0 = Release|Any CPU
		{9F158935-C015-41E8-A48C-05F611EB9385}.Release|x64.ActiveCfg = Release|Any CPU
		{9F158935-C015-41E8-A48C-05F611EB9385}.Release|x64.Build.0 = Release|Any CPU
		{9F158935-C015-41E8-A48C-05F611EB9385}.Release|x86.ActiveCfg = Release|Any CPU
		{9F158935-C015-41E8-A48C-05F611EB9385}.Release|x86.Build.0 = Release|Any CPU
		{EB42FE90-88AE-406B-AB9E-D5C506193338}.Debug|Any CPU.ActiveCfg = Debug|Any CPU
		{EB42FE90-88AE-406B-AB9E-D5C506193338}.Debug|Any CPU.Build.0 = Debug|Any CPU
		{EB42FE90-88AE-406B-AB9E-D5C506193338}.Debug|x64.ActiveCfg = Debug|Any CPU
		{EB42FE90-88AE-406B-AB9E-D5C506193338}.Debug|x64.Build.0 = Debug|Any CPU
		{EB42FE90-88AE-406B-AB9E-D5C506193338}.Debug|x86.ActiveCfg = Debug|Any CPU
		{EB42FE90-88AE-406B-AB9E-D5C506193338}.Debug|x86.Build.0 = Debug|Any CPU
		{EB42FE90-88AE-406B-AB9E-D5C506193338}.Release|Any CPU.ActiveCfg = Release|Any CPU
		{EB42FE90-88AE-406B-AB9E-D5C506193338}.Release|Any CPU.Build.0 = Release|Any CPU
		{EB42FE90-88AE-406B-AB9E-D5C506193338}.Release|x64.ActiveCfg = Release|Any CPU
		{EB42FE90-88AE-406B-AB9E-D5C506193338}.Release|x64.Build.0 = Release|Any CPU
		{EB42FE90-88AE-406B-AB9E-D5C506193338}.Release|x86.ActiveCfg = Release|Any CPU
		{EB42FE90-88AE-406B-AB9E-D5C506193338}.Release|x86.Build.0 = Release|Any CPU
		{C475F6A3-0C7E-4D94-A62C-E0977CB15B51}.Debug|Any CPU.ActiveCfg = Debug|Any CPU
		{C475F6A3-0C7E-4D94-A62C-E0977CB15B51}.Debug|Any CPU.Build.0 = Debug|Any CPU
		{C475F6A3-0C7E-4D94-A62C-E0977CB15B51}.Debug|x64.ActiveCfg = Debug|Any CPU
		{C475F6A3-0C7E-4D94-A62C-E0977CB15B51}.Debug|x64.Build.0 = Debug|Any CPU
		{C475F6A3-0C7E-4D94-A62C-E0977CB15B51}.Debug|x86.ActiveCfg = Debug|Any CPU
		{C475F6A3-0C7E-4D94-A62C-E0977CB15B51}.Debug|x86.Build.0 = Debug|Any CPU
		{C475F6A3-0C7E-4D94-A62C-E0977CB15B51}.Release|Any CPU.ActiveCfg = Release|Any CPU
		{C475F6A3-0C7E-4D94-A62C-E0977CB15B51}.Release|Any CPU.Build.0 = Release|Any CPU
		{C475F6A3-0C7E-4D94-A62C-E0977CB15B51}.Release|x64.ActiveCfg = Release|Any CPU
		{C475F6A3-0C7E-4D94-A62C-E0977CB15B51}.Release|x64.Build.0 = Release|Any CPU
		{C475F6A3-0C7E-4D94-A62C-E0977CB15B51}.Release|x86.ActiveCfg = Release|Any CPU
		{C475F6A3-0C7E-4D94-A62C-E0977CB15B51}.Release|x86.Build.0 = Release|Any CPU
	EndGlobalSection
	GlobalSection(NestedProjects) = preSolution
		{9FA6A0FB-9626-4EE9-A7EB-8A5CB5F42E45} = {9B919D64-457D-45E8-BD3E-69D2C2068187}
		{39A1AC21-B2EB-433C-B3A9-F4A3E7D0EAEC} = {9B919D64-457D-45E8-BD3E-69D2C2068187}
		{D7A122DF-6DF6-4DDA-B16E-59713E219B6E} = {9B919D64-457D-45E8-BD3E-69D2C2068187}
		{9F158935-C015-41E8-A48C-05F611EB9385} = {9B919D64-457D-45E8-BD3E-69D2C2068187}
		{EB42FE90-88AE-406B-AB9E-D5C506193338} = {9B919D64-457D-45E8-BD3E-69D2C2068187}
		{C475F6A3-0C7E-4D94-A62C-E0977CB15B51} = {9B919D64-457D-45E8-BD3E-69D2C2068187}
	EndGlobalSection
EndGlobal
